
Microsoft Visual Studio Solution File, Format Version 12.00
Project("{FAE04EC0-301F-11D3-BF4B-00C04F79EFBC}") = "Scratchpad", "src\Scratchpad\Scratchpad.csproj", "{BB3F86D5-1A66-4C06-B938-8CB622517A48}"
EndProject
Project("{FAE04EC0-301F-11D3-BF4B-00C04F79EFBC}") = "Scratchpad.Tests", "test\Scratchpad.Tests\Scratchpad.Tests.csproj", "{E8AB9EFC-59D0-4A34-85A4-BE6F34818E0B}"
EndProject
Project("{2150E333-8FDC-42A3-9474-1A3956D46DE8}") = "src", "src", "{8531FA3B-7332-4F6C-8238-DC2BFD539173}"
EndProject
Project("{2150E333-8FDC-42A3-9474-1A3956D46DE8}") = "test", "test", "{F0A57F16-1253-4758-ABFC-A39F0A6B49AA}"
	ProjectSection(SolutionItems) = preProject
		test\.editorconfig = test\.editorconfig
	EndProjectSection
EndProject
Project("{2150E333-8FDC-42A3-9474-1A3956D46DE8}") = "build", "build", "{0222A418-5EAE-4A5E-B391-4F38023F10A7}"
ProjectSection(SolutionItems) = preProject
	build\all.props = build\all.props
	build\tests.props = build\tests.props
	build\dependencies.props = build\dependencies.props
EndProjectSection
EndProject
Project("{FAE04EC0-301F-11D3-BF4B-00C04F79EFBC}") = "WebApplication", "src\WebApplication\WebApplication.csproj", "{93D20403-0751-4256-A73B-9E5CF022F9B6}"
EndProject
Project("{FAE04EC0-301F-11D3-BF4B-00C04F79EFBC}") = "WebApplication.IntegrationTests", "test\WebApplication.IntegrationTests\WebApplication.IntegrationTests.csproj", "{C2052AE0-5518-4F48-874A-C01ABC6136D4}"
EndProject
Project("{2150E333-8FDC-42A3-9474-1A3956D46DE8}") = "global", "global", "{2049B58F-D413-4FF5-950E-18275A3D1A3D}"
	ProjectSection(SolutionItems) = preProject
		Directory.Build.props = Directory.Build.props
		Directory.Build.targets = Directory.Build.targets
		.gitignore = .gitignore
		.editorconfig = .editorconfig
	EndProjectSection
EndProject
Project("{FAE04EC0-301F-11D3-BF4B-00C04F79EFBC}") = "LearnTestingFrameworks.Tests", "test\LearnTestingFrameworks.Tests\LearnTestingFrameworks.Tests.csproj", "{D14B4BE5-279D-4B66-83B3-32DBA7DD34DE}"
EndProject
Project("{FAE04EC0-301F-11D3-BF4B-00C04F79EFBC}") = "Reusables", "src\Reusables\Reusables.csproj", "{40EDAC93-931B-4E2C-99A4-CFA167F37A84}"
EndProject
Project("{F2A71F9B-5D33-465A-A702-920D77279786}") = "FSharp.Tests", "test\FSharp.Tests\FSharp.Tests.fsproj", "{CEA19BEC-5B7F-4DC2-9EA8-B3D4C2B05DEB}"
EndProject
Global
	GlobalSection(SolutionConfigurationPlatforms) = preSolution
		Debug|Any CPU = Debug|Any CPU
		Release|Any CPU = Release|Any CPU
	EndGlobalSection
	GlobalSection(ProjectConfigurationPlatforms) = postSolution
		{BB3F86D5-1A66-4C06-B938-8CB622517A48}.Debug|Any CPU.ActiveCfg = Debug|Any CPU
		{BB3F86D5-1A66-4C06-B938-8CB622517A48}.Debug|Any CPU.Build.0 = Debug|Any CPU
		{BB3F86D5-1A66-4C06-B938-8CB622517A48}.Release|Any CPU.ActiveCfg = Release|Any CPU
		{BB3F86D5-1A66-4C06-B938-8CB622517A48}.Release|Any CPU.Build.0 = Release|Any CPU
		{E8AB9EFC-59D0-4A34-85A4-BE6F34818E0B}.Debug|Any CPU.ActiveCfg = Debug|Any CPU
		{E8AB9EFC-59D0-4A34-85A4-BE6F34818E0B}.Debug|Any CPU.Build.0 = Debug|Any CPU
		{E8AB9EFC-59D0-4A34-85A4-BE6F34818E0B}.Release|Any CPU.ActiveCfg = Release|Any CPU
		{E8AB9EFC-59D0-4A34-85A4-BE6F34818E0B}.Release|Any CPU.Build.0 = Release|Any CPU
		{93D20403-0751-4256-A73B-9E5CF022F9B6}.Debug|Any CPU.ActiveCfg = Debug|Any CPU
		{93D20403-0751-4256-A73B-9E5CF022F9B6}.Debug|Any CPU.Build.0 = Debug|Any CPU
		{93D20403-0751-4256-A73B-9E5CF022F9B6}.Release|Any CPU.ActiveCfg = Release|Any CPU
		{93D20403-0751-4256-A73B-9E5CF022F9B6}.Release|Any CPU.Build.0 = Release|Any CPU
		{C2052AE0-5518-4F48-874A-C01ABC6136D4}.Debug|Any CPU.ActiveCfg = Debug|Any CPU
		{C2052AE0-5518-4F48-874A-C01ABC6136D4}.Debug|Any CPU.Build.0 = Debug|Any CPU
		{C2052AE0-5518-4F48-874A-C01ABC6136D4}.Release|Any CPU.ActiveCfg = Release|Any CPU
		{C2052AE0-5518-4F48-874A-C01ABC6136D4}.Release|Any CPU.Build.0 = Release|Any CPU
		{D14B4BE5-279D-4B66-83B3-32DBA7DD34DE}.Debug|Any CPU.ActiveCfg = Debug|Any CPU
		{D14B4BE5-279D-4B66-83B3-32DBA7DD34DE}.Debug|Any CPU.Build.0 = Debug|Any CPU
		{D14B4BE5-279D-4B66-83B3-32DBA7DD34DE}.Release|Any CPU.ActiveCfg = Release|Any CPU
		{D14B4BE5-279D-4B66-83B3-32DBA7DD34DE}.Release|Any CPU.Build.0 = Release|Any CPU
		{40EDAC93-931B-4E2C-99A4-CFA167F37A84}.Debug|Any CPU.ActiveCfg = Debug|Any CPU
		{40EDAC93-931B-4E2C-99A4-CFA167F37A84}.Debug|Any CPU.Build.0 = Debug|Any CPU
		{40EDAC93-931B-4E2C-99A4-CFA167F37A84}.Release|Any CPU.ActiveCfg = Release|Any CPU
		{40EDAC93-931B-4E2C-99A4-CFA167F37A84}.Release|Any CPU.Build.0 = Release|Any CPU
		{CEA19BEC-5B7F-4DC2-9EA8-B3D4C2B05DEB}.Debug|Any CPU.ActiveCfg = Debug|Any CPU
		{CEA19BEC-5B7F-4DC2-9EA8-B3D4C2B05DEB}.Debug|Any CPU.Build.0 = Debug|Any CPU
		{CEA19BEC-5B7F-4DC2-9EA8-B3D4C2B05DEB}.Release|Any CPU.ActiveCfg = Release|Any CPU
		{CEA19BEC-5B7F-4DC2-9EA8-B3D4C2B05DEB}.Release|Any CPU.Build.0 = Release|Any CPU
	EndGlobalSection
	GlobalSection(NestedProjects) = preSolution
		{BB3F86D5-1A66-4C06-B938-8CB622517A48} = {8531FA3B-7332-4F6C-8238-DC2BFD539173}
		{E8AB9EFC-59D0-4A34-85A4-BE6F34818E0B} = {F0A57F16-1253-4758-ABFC-A39F0A6B49AA}
		{93D20403-0751-4256-A73B-9E5CF022F9B6} = {8531FA3B-7332-4F6C-8238-DC2BFD539173}
		{C2052AE0-5518-4F48-874A-C01ABC6136D4} = {F0A57F16-1253-4758-ABFC-A39F0A6B49AA}
		{D14B4BE5-279D-4B66-83B3-32DBA7DD34DE} = {F0A57F16-1253-4758-ABFC-A39F0A6B49AA}
		{40EDAC93-931B-4E2C-99A4-CFA167F37A84} = {8531FA3B-7332-4F6C-8238-DC2BFD539173}
		{CEA19BEC-5B7F-4DC2-9EA8-B3D4C2B05DEB} = {F0A57F16-1253-4758-ABFC-A39F0A6B49AA}
	EndGlobalSection
EndGlobal
